
Microsoft Visual Studio Solution File, Format Version 12.00
# Visual Studio 15
VisualStudioVersion = 15.0.28010.2050
MinimumVisualStudioVersion = 10.0.40219.1
Project("{FAE04EC0-301F-11D3-BF4B-00C04F79EFBC}") = "Participation March 2", "Participation March 2\Participation March 2.csproj", "{9C714416-AAE1-41BD-BFF4-09CCCB23A578}"
EndProject
Project("{FAE04EC0-301F-11D3-BF4B-00C04F79EFBC}") = "Question 1", "Question 1\Question 1.csproj", "{CF6FA0B2-336E-4707-9A4B-9A67A57047FB}"
EndProject
Project("{FAE04EC0-301F-11D3-BF4B-00C04F79EFBC}") = "Question 2", "Question 2\Question 2.csproj", "{8FD4FB34-F178-4387-A316-DB32CF4FAB62}"
EndProject
Global
	GlobalSection(SolutionConfigurationPlatforms) = preSolution
		Debug|Any CPU = Debug|Any CPU
		Release|Any CPU = Release|Any CPU
	EndGlobalSection
	GlobalSection(ProjectConfigurationPlatforms) = postSolution
		{9C714416-AAE1-41BD-BFF4-09CCCB23A578}.Debug|Any CPU.ActiveCfg = Debug|Any CPU
		{9C714416-AAE1-41BD-BFF4-09CCCB23A578}.Debug|Any CPU.Build.0 = Debug|Any CPU
		{9C714416-AAE1-41BD-BFF4-09CCCB23A578}.Release|Any CPU.ActiveCfg = Release|Any CPU
		{9C714416-AAE1-41BD-BFF4-09CCCB23A578}.Release|Any CPU.Build.0 = Release|Any CPU
		{CF6FA0B2-336E-4707-9A4B-9A67A57047FB}.Debug|Any CPU.ActiveCfg = Debug|Any CPU
		{CF6FA0B2-336E-4707-9A4B-9A67A57047FB}.Debug|Any CPU.Build.0 = Debug|Any CPU
		{CF6FA0B2-336E-4707-9A4B-9A67A57047FB}.Release|Any CPU.ActiveCfg = Release|Any CPU
		{CF6FA0B2-336E-4707-9A4B-9A67A57047FB}.Release|Any CPU.Build.0 = Release|Any CPU
		{8FD4FB34-F178-4387-A316-DB32CF4FAB62}.Debug|Any CPU.ActiveCfg = Debug|Any CPU
		{8FD4FB34-F178-4387-A316-DB32CF4FAB62}.Debug|Any CPU.Build.0 = Debug|Any CPU
		{8FD4FB34-F178-4387-A316-DB32CF4FAB62}.Release|Any CPU.ActiveCfg = Release|Any CPU
		{8FD4FB34-F178-4387-A316-DB32CF4FAB62}.Release|Any CPU.Build.0 = Release|Any CPU
	EndGlobalSection
	GlobalSection(SolutionProperties) = preSolution
		HideSolutionNode = FALSE
	EndGlobalSection
	GlobalSection(ExtensibilityGlobals) = postSolution
		SolutionGuid = {9460BC9D-D146-4425-87BF-3B9B14A56B5F}
	EndGlobalSection
EndGlobal
