
Microsoft Visual Studio Solution File, Format Version 12.00
# Visual Studio Version 16
VisualStudioVersion = 16.0.29806.167
MinimumVisualStudioVersion = 10.0.40219.1
Project("{FAE04EC0-301F-11D3-BF4B-00C04F79EFBC}") = "Participations", "Participations\Participations.csproj", "{B2FDFBE1-4BC9-4A1F-9317-BB71B3351741}"
EndProject
Project("{FAE04EC0-301F-11D3-BF4B-00C04F79EFBC}") = "String Manipulation", "String Manipulation\String Manipulation.csproj", "{48394C77-F036-42CA-B3B0-A87569964000}"
EndProject
Project("{FAE04EC0-301F-11D3-BF4B-00C04F79EFBC}") = "March2 Participation", "March2 Participation\March2 Participation.csproj", "{9357AE30-78CC-41A3-8A36-72DAF9A1D3B8}"
EndProject
Project("{FAE04EC0-301F-11D3-BF4B-00C04F79EFBC}") = "March 9 Participation", "March 9 Participation\March 9 Participation.csproj", "{7BFC9634-6A6E-4D89-8192-899B185D8C64}"
EndProject
Project("{FAE04EC0-301F-11D3-BF4B-00C04F79EFBC}") = "March 11 Participations", "March 11 Participations\March 11 Participations.csproj", "{3D00DF36-8A0B-4464-9F7C-BCF9661FDB60}"
EndProject
Project("{FAE04EC0-301F-11D3-BF4B-00C04F79EFBC}") = "March 23 Participation", "ConsoleApp1\March 23 Participation.csproj", "{58F9A9E0-3764-42EF-88F4-CDE7DBFAEF81}"
EndProject
Global
	GlobalSection(SolutionConfigurationPlatforms) = preSolution
		Debug|Any CPU = Debug|Any CPU
		Release|Any CPU = Release|Any CPU
	EndGlobalSection
	GlobalSection(ProjectConfigurationPlatforms) = postSolution
		{B2FDFBE1-4BC9-4A1F-9317-BB71B3351741}.Debug|Any CPU.ActiveCfg = Debug|Any CPU
		{B2FDFBE1-4BC9-4A1F-9317-BB71B3351741}.Debug|Any CPU.Build.0 = Debug|Any CPU
		{B2FDFBE1-4BC9-4A1F-9317-BB71B3351741}.Release|Any CPU.ActiveCfg = Release|Any CPU
		{B2FDFBE1-4BC9-4A1F-9317-BB71B3351741}.Release|Any CPU.Build.0 = Release|Any CPU
		{48394C77-F036-42CA-B3B0-A87569964000}.Debug|Any CPU.ActiveCfg = Debug|Any CPU
		{48394C77-F036-42CA-B3B0-A87569964000}.Debug|Any CPU.Build.0 = Debug|Any CPU
		{48394C77-F036-42CA-B3B0-A87569964000}.Release|Any CPU.ActiveCfg = Release|Any CPU
		{48394C77-F036-42CA-B3B0-A87569964000}.Release|Any CPU.Build.0 = Release|Any CPU
		{9357AE30-78CC-41A3-8A36-72DAF9A1D3B8}.Debug|Any CPU.ActiveCfg = Debug|Any CPU
		{9357AE30-78CC-41A3-8A36-72DAF9A1D3B8}.Debug|Any CPU.Build.0 = Debug|Any CPU
		{9357AE30-78CC-41A3-8A36-72DAF9A1D3B8}.Release|Any CPU.ActiveCfg = Release|Any CPU
		{9357AE30-78CC-41A3-8A36-72DAF9A1D3B8}.Release|Any CPU.Build.0 = Release|Any CPU
		{7BFC9634-6A6E-4D89-8192-899B185D8C64}.Debug|Any CPU.ActiveCfg = Debug|Any CPU
		{7BFC9634-6A6E-4D89-8192-899B185D8C64}.Debug|Any CPU.Build.0 = Debug|Any CPU
		{7BFC9634-6A6E-4D89-8192-899B185D8C64}.Release|Any CPU.ActiveCfg = Release|Any CPU
		{7BFC9634-6A6E-4D89-8192-899B185D8C64}.Release|Any CPU.Build.0 = Release|Any CPU
		{3D00DF36-8A0B-4464-9F7C-BCF9661FDB60}.Debug|Any CPU.ActiveCfg = Debug|Any CPU
		{3D00DF36-8A0B-4464-9F7C-BCF9661FDB60}.Debug|Any CPU.Build.0 = Debug|Any CPU
		{3D00DF36-8A0B-4464-9F7C-BCF9661FDB60}.Release|Any CPU.ActiveCfg = Release|Any CPU
		{3D00DF36-8A0B-4464-9F7C-BCF9661FDB60}.Release|Any CPU.Build.0 = Release|Any CPU
		{58F9A9E0-3764-42EF-88F4-CDE7DBFAEF81}.Debug|Any CPU.ActiveCfg = Debug|Any CPU
		{58F9A9E0-3764-42EF-88F4-CDE7DBFAEF81}.Debug|Any CPU.Build.0 = Debug|Any CPU
		{58F9A9E0-3764-42EF-88F4-CDE7DBFAEF81}.Release|Any CPU.ActiveCfg = Release|Any CPU
		{58F9A9E0-3764-42EF-88F4-CDE7DBFAEF81}.Release|Any CPU.Build.0 = Release|Any CPU
	EndGlobalSection
	GlobalSection(SolutionProperties) = preSolution
		HideSolutionNode = FALSE
	EndGlobalSection
	GlobalSection(ExtensibilityGlobals) = postSolution
		SolutionGuid = {C5EE50EE-DF85-4B67-980E-F09657C9336B}
	EndGlobalSection
EndGlobal
