
Microsoft Visual Studio Solution File, Format Version 12.00
# Visual Studio 15
VisualStudioVersion = 15.0.28010.2050
MinimumVisualStudioVersion = 10.0.40219.1
Project("{FAE04EC0-301F-11D3-BF4B-00C04F79EFBC}") = "Participations", "Participations\Participations.csproj", "{B2FDFBE1-4BC9-4A1F-9317-BB71B3351741}"
EndProject
Project("{FAE04EC0-301F-11D3-BF4B-00C04F79EFBC}") = "String Manipulation", "String Manipulation\String Manipulation.csproj", "{48394C77-F036-42CA-B3B0-A87569964000}"
EndProject
Global
	GlobalSection(SolutionConfigurationPlatforms) = preSolution
		Debug|Any CPU = Debug|Any CPU
		Release|Any CPU = Release|Any CPU
	EndGlobalSection
	GlobalSection(ProjectConfigurationPlatforms) = postSolution
		{B2FDFBE1-4BC9-4A1F-9317-BB71B3351741}.Debug|Any CPU.ActiveCfg = Debug|Any CPU
		{B2FDFBE1-4BC9-4A1F-9317-BB71B3351741}.Debug|Any CPU.Build.0 = Debug|Any CPU
		{B2FDFBE1-4BC9-4A1F-9317-BB71B3351741}.Release|Any CPU.ActiveCfg = Release|Any CPU
		{B2FDFBE1-4BC9-4A1F-9317-BB71B3351741}.Release|Any CPU.Build.0 = Release|Any CPU
		{48394C77-F036-42CA-B3B0-A87569964000}.Debug|Any CPU.ActiveCfg = Debug|Any CPU
		{48394C77-F036-42CA-B3B0-A87569964000}.Debug|Any CPU.Build.0 = Debug|Any CPU
		{48394C77-F036-42CA-B3B0-A87569964000}.Release|Any CPU.ActiveCfg = Release|Any CPU
		{48394C77-F036-42CA-B3B0-A87569964000}.Release|Any CPU.Build.0 = Release|Any CPU
	EndGlobalSection
	GlobalSection(SolutionProperties) = preSolution
		HideSolutionNode = FALSE
	EndGlobalSection
	GlobalSection(ExtensibilityGlobals) = postSolution
		SolutionGuid = {C5EE50EE-DF85-4B67-980E-F09657C9336B}
	EndGlobalSection
EndGlobal
